// !$*UTF8*$!
{
	archiveVersion = 1;
	classes = {
	};
	objectVersion = 48;
	objects = {

/* Begin PBXBuildFile section */
		967A0E171FE7BA6E009F736C /* AppDelegate.swift in Sources */ = {isa = PBXBuildFile; fileRef = 967A0E161FE7BA6E009F736C /* AppDelegate.swift */; };
		967A0E191FE7BA6E009F736C /* ViewController.swift in Sources */ = {isa = PBXBuildFile; fileRef = 967A0E181FE7BA6E009F736C /* ViewController.swift */; };
		967A0E1C1FE7BA6E009F736C /* Main.storyboard in Resources */ = {isa = PBXBuildFile; fileRef = 967A0E1A1FE7BA6E009F736C /* Main.storyboard */; };
		967A0E1E1FE7BA6E009F736C /* Assets.xcassets in Resources */ = {isa = PBXBuildFile; fileRef = 967A0E1D1FE7BA6E009F736C /* Assets.xcassets */; };
		967A0E211FE7BA6E009F736C /* LaunchScreen.storyboard in Resources */ = {isa = PBXBuildFile; fileRef = 967A0E1F1FE7BA6E009F736C /* LaunchScreen.storyboard */; };
		967A0E2B1FE7BC8F009F736C /* CVPixelBufferExtension.swift in Sources */ = {isa = PBXBuildFile; fileRef = 967A0E2A1FE7BC8F009F736C /* CVPixelBufferExtension.swift */; };
/* End PBXBuildFile section */

/* Begin PBXFileReference section */
		967A0E131FE7BA6E009F736C /* FacialContour.app */ = {isa = PBXFileReference; explicitFileType = wrapper.application; includeInIndex = 0; path = FacialContour.app; sourceTree = BUILT_PRODUCTS_DIR; };
		967A0E161FE7BA6E009F736C /* AppDelegate.swift */ = {isa = PBXFileReference; lastKnownFileType = sourcecode.swift; path = AppDelegate.swift; sourceTree = "<group>"; };
		967A0E181FE7BA6E009F736C /* ViewController.swift */ = {isa = PBXFileReference; lastKnownFileType = sourcecode.swift; path = ViewController.swift; sourceTree = "<group>"; };
		967A0E1B1FE7BA6E009F736C /* Base */ = {isa = PBXFileReference; lastKnownFileType = file.storyboard; name = Base; path = Base.lproj/Main.storyboard; sourceTree = "<group>"; };
		967A0E1D1FE7BA6E009F736C /* Assets.xcassets */ = {isa = PBXFileReference; lastKnownFileType = folder.assetcatalog; path = Assets.xcassets; sourceTree = "<group>"; };
		967A0E201FE7BA6E009F736C /* Base */ = {isa = PBXFileReference; lastKnownFileType = file.storyboard; name = Base; path = Base.lproj/LaunchScreen.storyboard; sourceTree = "<group>"; };
		967A0E221FE7BA6E009F736C /* Info.plist */ = {isa = PBXFileReference; lastKnownFileType = text.plist.xml; path = Info.plist; sourceTree = "<group>"; };
		967A0E2A1FE7BC8F009F736C /* CVPixelBufferExtension.swift */ = {isa = PBXFileReference; lastKnownFileType = sourcecode.swift; path = CVPixelBufferExtension.swift; sourceTree = "<group>"; };
/* End PBXFileReference section */

/* Begin PBXFrameworksBuildPhase section */
		967A0E101FE7BA6E009F736C /* Frameworks */ = {
			isa = PBXFrameworksBuildPhase;
			buildActionMask = 2147483647;
			files = (
			);
			runOnlyForDeploymentPostprocessing = 0;
		};
/* End PBXFrameworksBuildPhase section */

/* Begin PBXGroup section */
		967A0E0A1FE7BA6E009F736C = {
			isa = PBXGroup;
			children = (
				967A0E151FE7BA6E009F736C /* FacialContour */,
				967A0E141FE7BA6E009F736C /* Products */,
			);
			sourceTree = "<group>";
		};
		967A0E141FE7BA6E009F736C /* Products */ = {
			isa = PBXGroup;
			children = (
				967A0E131FE7BA6E009F736C /* FacialContour.app */,
			);
			name = Products;
			sourceTree = "<group>";
		};
		967A0E151FE7BA6E009F736C /* FacialContour */ = {
			isa = PBXGroup;
			children = (
				967A0E161FE7BA6E009F736C /* AppDelegate.swift */,
				967A0E181FE7BA6E009F736C /* ViewController.swift */,
				967A0E2A1FE7BC8F009F736C /* CVPixelBufferExtension.swift */,
				967A0E1A1FE7BA6E009F736C /* Main.storyboard */,
				967A0E1D1FE7BA6E009F736C /* Assets.xcassets */,
				967A0E1F1FE7BA6E009F736C /* LaunchScreen.storyboard */,
				967A0E221FE7BA6E009F736C /* Info.plist */,
			);
			path = FacialContour;
			sourceTree = "<group>";
		};
/* End PBXGroup section */

/* Begin PBXNativeTarget section */
		967A0E121FE7BA6E009F736C /* FacialContour */ = {
			isa = PBXNativeTarget;
			buildConfigurationList = 967A0E251FE7BA6E009F736C /* Build configuration list for PBXNativeTarget "FacialContour" */;
			buildPhases = (
				967A0E0F1FE7BA6E009F736C /* Sources */,
				967A0E101FE7BA6E009F736C /* Frameworks */,
				967A0E111FE7BA6E009F736C /* Resources */,
			);
			buildRules = (
			);
			dependencies = (
			);
			name = FacialContour;
			productName = FacialContour;
			productReference = 967A0E131FE7BA6E009F736C /* FacialContour.app */;
			productType = "com.apple.product-type.application";
		};
/* End PBXNativeTarget section */

/* Begin PBXProject section */
		967A0E0B1FE7BA6E009F736C /* Project object */ = {
			isa = PBXProject;
			attributes = {
				LastSwiftUpdateCheck = 0920;
				LastUpgradeCheck = 0920;
				ORGANIZATIONNAME = "Vamshi Krishna";
				TargetAttributes = {
					967A0E121FE7BA6E009F736C = {
						CreatedOnToolsVersion = 9.2;
						ProvisioningStyle = Automatic;
					};
				};
			};
			buildConfigurationList = 967A0E0E1FE7BA6E009F736C /* Build configuration list for PBXProject "FacialContour" */;
			compatibilityVersion = "Xcode 8.0";
			developmentRegion = en;
			hasScannedForEncodings = 0;
			knownRegions = (
				en,
				Base,
			);
			mainGroup = 967A0E0A1FE7BA6E009F736C;
			productRefGroup = 967A0E141FE7BA6E009F736C /* Products */;
			projectDirPath = "";
			projectRoot = "";
			targets = (
				967A0E121FE7BA6E009F736C /* FacialContour */,
			);
		};
/* End PBXProject section */

/* Begin PBXResourcesBuildPhase section */
		967A0E111FE7BA6E009F736C /* Resources */ = {
			isa = PBXResourcesBuildPhase;
			buildActionMask = 2147483647;
			files = (
				967A0E211FE7BA6E009F736C /* LaunchScreen.storyboard in Resources */,
				967A0E1E1FE7BA6E009F736C /* Assets.xcassets in Resources */,
				967A0E1C1FE7BA6E009F736C /* Main.storyboard in Resources */,
			);
			runOnlyForDeploymentPostprocessing = 0;
		};
/* End PBXResourcesBuildPhase section */

/* Begin PBXSourcesBuildPhase section */
		967A0E0F1FE7BA6E009F736C /* Sources */ = {
			isa = PBXSourcesBuildPhase;
			buildActionMask = 2147483647;
			files = (
				967A0E191FE7BA6E009F736C /* ViewController.swift in Sources */,
				967A0E171FE7BA6E009F736C /* AppDelegate.swift in Sources */,
				967A0E2B1FE7BC8F009F736C /* CVPixelBufferExtension.swift in Sources */,
			);
			runOnlyForDeploymentPostprocessing = 0;
		};
/* End PBXSourcesBuildPhase section */

/* Begin PBXVariantGroup section */
		967A0E1A1FE7BA6E009F736C /* Main.storyboard */ = {
			isa = PBXVariantGroup;
			children = (
				967A0E1B1FE7BA6E009F736C /* Base */,
			);
			name = Main.storyboard;
			sourceTree = "<group>";
		};
		967A0E1F1FE7BA6E009F736C /* LaunchScreen.storyboard */ = {
			isa = PBXVariantGroup;
			children = (
				967A0E201FE7BA6E009F736C /* Base */,
			);
			name = LaunchScreen.storyboard;
			sourceTree = "<group>";
		};
/* End PBXVariantGroup section */

/* Begin XCBuildConfiguration section */
		967A0E231FE7BA6E009F736C /* Debug */ = {
			isa = XCBuildConfiguration;
			buildSettings = {
				ALWAYS_SEARCH_USER_PATHS = NO;
				CLANG_ANALYZER_NONNULL = YES;
				CLANG_ANALYZER_NUMBER_OBJECT_CONVERSION = YES_AGGRESSIVE;
				CLANG_CXX_LANGUAGE_STANDARD = "gnu++14";
				CLANG_CXX_LIBRARY = "libc++";
				CLANG_ENABLE_MODULES = YES;
				CLANG_ENABLE_OBJC_ARC = YES;
				CLANG_WARN_BLOCK_CAPTURE_AUTORELEASING = YES;
				CLANG_WARN_BOOL_CONVERSION = YES;
				CLANG_WARN_COMMA = YES;
				CLANG_WARN_CONSTANT_CONVERSION = YES;
				CLANG_WARN_DIRECT_OBJC_ISA_USAGE = YES_ERROR;
				CLANG_WARN_DOCUMENTATION_COMMENTS = YES;
				CLANG_WARN_EMPTY_BODY = YES;
				CLANG_WARN_ENUM_CONVERSION = YES;
				CLANG_WARN_INFINITE_RECURSION = YES;
				CLANG_WARN_INT_CONVERSION = YES;
				CLANG_WARN_NON_LITERAL_NULL_CONVERSION = YES;
				CLANG_WARN_OBJC_LITERAL_CONVERSION = YES;
				CLANG_WARN_OBJC_ROOT_CLASS = YES_ERROR;
				CLANG_WARN_RANGE_LOOP_ANALYSIS = YES;
				CLANG_WARN_STRICT_PROTOTYPES = YES;
				CLANG_WARN_SUSPICIOUS_MOVE = YES;
				CLANG_WARN_UNGUARDED_AVAILABILITY = YES_AGGRESSIVE;
				CLANG_WARN_UNREACHABLE_CODE = YES;
				CLANG_WARN__DUPLICATE_METHOD_MATCH = YES;
				CODE_SIGN_IDENTITY = "iPhone Developer";
				COPY_PHASE_STRIP = NO;
				DEBUG_INFORMATION_FORMAT = dwarf;
				ENABLE_STRICT_OBJC_MSGSEND = YES;
				ENABLE_TESTABILITY = YES;
				GCC_C_LANGUAGE_STANDARD = gnu11;
				GCC_DYNAMIC_NO_PIC = NO;
				GCC_NO_COMMON_BLOCKS = YES;
				GCC_OPTIMIZATION_LEVEL = 0;
				GCC_PREPROCESSOR_DEFINITIONS = (
					"DEBUG=1",
					"$(inherited)",
				);
				GCC_WARN_64_TO_32_BIT_CONVERSION = YES;
				GCC_WARN_ABOUT_RETURN_TYPE = YES_ERROR;
				GCC_WARN_UNDECLARED_SELECTOR = YES;
				GCC_WARN_UNINITIALIZED_AUTOS = YES_AGGRESSIVE;
				GCC_WARN_UNUSED_FUNCTION = YES;
				GCC_WARN_UNUSED_VARIABLE = YES;
				IPHONEOS_DEPLOYMENT_TARGET = 11.2;
				MTL_ENABLE_DEBUG_INFO = YES;
				ONLY_ACTIVE_ARCH = YES;
				SDKROOT = iphoneos;
				SWIFT_ACTIVE_COMPILATION_CONDITIONS = DEBUG;
				SWIFT_OPTIMIZATION_LEVEL = "-Onone";
			};
			name = Debug;
		};
		967A0E241FE7BA6E009F736C /* Release */ = {
			isa = XCBuildConfiguration;
			buildSettings = {
				ALWAYS_SEARCH_USER_PATHS = NO;
				CLANG_ANALYZER_NONNULL = YES;
				CLANG_ANALYZER_NUMBER_OBJECT_CONVERSION = YES_AGGRESSIVE;
				CLANG_CXX_LANGUAGE_STANDARD = "gnu++14";
				CLANG_CXX_LIBRARY = "libc++";
				CLANG_ENABLE_MODULES = YES;
				CLANG_ENABLE_OBJC_ARC = YES;
				CLANG_WARN_BLOCK_CAPTURE_AUTORELEASING = YES;
				CLANG_WARN_BOOL_CONVERSION = YES;
				CLANG_WARN_COMMA = YES;
				CLANG_WARN_CONSTANT_CONVERSION = YES;
				CLANG_WARN_DIRECT_OBJC_ISA_USAGE = YES_ERROR;
				CLANG_WARN_DOCUMENTATION_COMMENTS = YES;
				CLANG_WARN_EMPTY_BODY = YES;
				CLANG_WARN_ENUM_CONVERSION = YES;
				CLANG_WARN_INFINITE_RECURSION = YES;
				CLANG_WARN_INT_CONVERSION = YES;
				CLANG_WARN_NON_LITERAL_NULL_CONVERSION = YES;
				CLANG_WARN_OBJC_LITERAL_CONVERSION = YES;
				CLANG_WARN_OBJC_ROOT_CLASS = YES_ERROR;
				CLANG_WARN_RANGE_LOOP_ANALYSIS = YES;
				CLANG_WARN_STRICT_PROTOTYPES = YES;
				CLANG_WARN_SUSPICIOUS_MOVE = YES;
				CLANG_WARN_UNGUARDED_AVAILABILITY = YES_AGGRESSIVE;
				CLANG_WARN_UNREACHABLE_CODE = YES;
				CLANG_WARN__DUPLICATE_METHOD_MATCH = YES;
				CODE_SIGN_IDENTITY = "iPhone Developer";
				COPY_PHASE_STRIP = NO;
				DEBUG_INFORMATION_FORMAT = "dwarf-with-dsym";
				ENABLE_NS_ASSERTIONS = NO;
				ENABLE_STRICT_OBJC_MSGSEND = YES;
				GCC_C_LANGUAGE_STANDARD = gnu11;
				GCC_NO_COMMON_BLOCKS = YES;
				GCC_WARN_64_TO_32_BIT_CONVERSION = YES;
				GCC_WARN_ABOUT_RETURN_TYPE = YES_ERROR;
				GCC_WARN_UNDECLARED_SELECTOR = YES;
				GCC_WARN_UNINITIALIZED_AUTOS = YES_AGGRESSIVE;
				GCC_WARN_UNUSED_FUNCTION = YES;
				GCC_WARN_UNUSED_VARIABLE = YES;
				IPHONEOS_DEPLOYMENT_TARGET = 11.2;
				MTL_ENABLE_DEBUG_INFO = NO;
				SDKROOT = iphoneos;
				SWIFT_OPTIMIZATION_LEVEL = "-Owholemodule";
				VALIDATE_PRODUCT = YES;
			};
			name = Release;
		};
		967A0E261FE7BA6E009F736C /* Debug */ = {
			isa = XCBuildConfiguration;
			buildSettings = {
				ASSETCATALOG_COMPILER_APPICON_NAME = AppIcon;
				CODE_SIGN_STYLE = Automatic;
				INFOPLIST_FILE = FacialContour/Info.plist;
				LD_RUNPATH_SEARCH_PATHS = "$(inherited) @executable_path/Frameworks";
				PRODUCT_BUNDLE_IDENTIFIER = io.vamshi.FacialContour;
				PRODUCT_NAME = "$(TARGET_NAME)";
				SWIFT_VERSION = 4.0;
				TARGETED_DEVICE_FAMILY = "1,2";
			};
			name = Debug;
		};
		967A0E271FE7BA6E009F736C /* Release */ = {
			isa = XCBuildConfiguration;
			buildSettings = {
				ASSETCATALOG_COMPILER_APPICON_NAME = AppIcon;
				CODE_SIGN_STYLE = Automatic;
				INFOPLIST_FILE = FacialContour/Info.plist;
				LD_RUNPATH_SEARCH_PATHS = "$(inherited) @executable_path/Frameworks";
				PRODUCT_BUNDLE_IDENTIFIER = io.vamshi.FacialContour;
				PRODUCT_NAME = "$(TARGET_NAME)";
				SWIFT_VERSION = 4.0;
				TARGETED_DEVICE_FAMILY = "1,2";
			};
			name = Release;
		};
/* End XCBuildConfiguration section */

/* Begin XCConfigurationList section */
		967A0E0E1FE7BA6E009F736C /* Build configuration list for PBXProject "FacialContour" */ = {
			isa = XCConfigurationList;
			buildConfigurations = (
				967A0E231FE7BA6E009F736C /* Debug */,
				967A0E241FE7BA6E009F736C /* Release */,
			);
			defaultConfigurationIsVisible = 0;
			defaultConfigurationName = Release;
		};
		967A0E251FE7BA6E009F736C /* Build configuration list for PBXNativeTarget "FacialContour" */ = {
			isa = XCConfigurationList;
			buildConfigurations = (
				967A0E261FE7BA6E009F736C /* Debug */,
				967A0E271FE7BA6E009F736C /* Release */,
			);
			defaultConfigurationIsVisible = 0;
			defaultConfigurationName = Release;
		};
/* End XCConfigurationList section */
	};
	rootObject = 967A0E0B1FE7BA6E009F736C /* Project object */;
}
